
Microsoft Visual Studio Solution File, Format Version 12.00
# Visual Studio Version 17
VisualStudioVersion = 17.4.33103.184
MinimumVisualStudioVersion = 10.0.40219.1
Project("{FAE04EC0-301F-11D3-BF4B-00C04F79EFBC}") = "SanphamdataAccessnetcore", "SanphamdataAccessnetcore\SanphamdataAccessnetcore.csproj", "{650AADF4-0621-4E9B-812D-844447DFDC61}"
EndProject
Project("{FAE04EC0-301F-11D3-BF4B-00C04F79EFBC}") = "bai17_18lamlai", "bai17_18lamlai\bai17_18lamlai.csproj", "{478FBE6F-4284-457B-99F9-FEF3BFD92E78}"
EndProject
Global
	GlobalSection(SolutionConfigurationPlatforms) = preSolution
		Debug|Any CPU = Debug|Any CPU
		Release|Any CPU = Release|Any CPU
	EndGlobalSection
	GlobalSection(ProjectConfigurationPlatforms) = postSolution
		{650AADF4-0621-4E9B-812D-844447DFDC61}.Debug|Any CPU.ActiveCfg = Debug|Any CPU
		{650AADF4-0621-4E9B-812D-844447DFDC61}.Debug|Any CPU.Build.0 = Debug|Any CPU
		{650AADF4-0621-4E9B-812D-844447DFDC61}.Release|Any CPU.ActiveCfg = Release|Any CPU
		{650AADF4-0621-4E9B-812D-844447DFDC61}.Release|Any CPU.Build.0 = Release|Any CPU
		{478FBE6F-4284-457B-99F9-FEF3BFD92E78}.Debug|Any CPU.ActiveCfg = Debug|Any CPU
		{478FBE6F-4284-457B-99F9-FEF3BFD92E78}.Debug|Any CPU.Build.0 = Debug|Any CPU
		{478FBE6F-4284-457B-99F9-FEF3BFD92E78}.Release|Any CPU.ActiveCfg = Release|Any CPU
		{478FBE6F-4284-457B-99F9-FEF3BFD92E78}.Release|Any CPU.Build.0 = Release|Any CPU
	EndGlobalSection
	GlobalSection(SolutionProperties) = preSolution
		HideSolutionNode = FALSE
	EndGlobalSection
	GlobalSection(ExtensibilityGlobals) = postSolution
		SolutionGuid = {7A5ECD34-D6B1-423A-9A02-5BD034387F38}
	EndGlobalSection
EndGlobal
